
Microsoft Visual Studio Solution File, Format Version 12.00
Project("{FAE04EC0-301F-11D3-BF4B-00C04F79EFBC}") = "RobotSimulation.Core", "src\Core\RobotSimulation.Core.csproj", "{DD35F7B7-F36E-48F2-A0EB-3B9F6AC916B7}"
EndProject
Project("{FAE04EC0-301F-11D3-BF4B-00C04F79EFBC}") = "RobotSimulation.Robot", "src\Robot\RobotSimulation.Robot.csproj", "{A4FFA5E1-45A1-4223-B6A1-E544090115FD}"
EndProject
Project("{FAE04EC0-301F-11D3-BF4B-00C04F79EFBC}") = "RobotSimulation.OpenGL", "src\OpenGL\RobotSimulation.OpenGL.csproj", "{BA3E8F8A-7DB5-4B84-8008-56C83FC74920}"
EndProject
Project("{FAE04EC0-301F-11D3-BF4B-00C04F79EFBC}") = "RobotSimulation.Host", "src\Host\RobotSimulation.Host.csproj", "{F1A16DD3-FECF-4BEF-BFF2-31C9AA1FA1F3}"
EndProject
Global
	GlobalSection(SolutionConfigurationPlatforms) = preSolution
		Debug|Any CPU = Debug|Any CPU
		Release|Any CPU = Release|Any CPU
	EndGlobalSection
	GlobalSection(ProjectConfigurationPlatforms) = postSolution
		{DD35F7B7-F36E-48F2-A0EB-3B9F6AC916B7}.Debug|Any CPU.ActiveCfg = Debug|Any CPU
		{DD35F7B7-F36E-48F2-A0EB-3B9F6AC916B7}.Debug|Any CPU.Build.0 = Debug|Any CPU
		{DD35F7B7-F36E-48F2-A0EB-3B9F6AC916B7}.Release|Any CPU.ActiveCfg = Release|Any CPU
		{DD35F7B7-F36E-48F2-A0EB-3B9F6AC916B7}.Release|Any CPU.Build.0 = Release|Any CPU
		{A4FFA5E1-45A1-4223-B6A1-E544090115FD}.Debug|Any CPU.ActiveCfg = Debug|Any CPU
		{A4FFA5E1-45A1-4223-B6A1-E544090115FD}.Debug|Any CPU.Build.0 = Debug|Any CPU
		{A4FFA5E1-45A1-4223-B6A1-E544090115FD}.Release|Any CPU.ActiveCfg = Release|Any CPU
		{A4FFA5E1-45A1-4223-B6A1-E544090115FD}.Release|Any CPU.Build.0 = Release|Any CPU
		{BA3E8F8A-7DB5-4B84-8008-56C83FC74920}.Debug|Any CPU.ActiveCfg = Debug|Any CPU
		{BA3E8F8A-7DB5-4B84-8008-56C83FC74920}.Debug|Any CPU.Build.0 = Debug|Any CPU
		{BA3E8F8A-7DB5-4B84-8008-56C83FC74920}.Release|Any CPU.ActiveCfg = Release|Any CPU
		{BA3E8F8A-7DB5-4B84-8008-56C83FC74920}.Release|Any CPU.Build.0 = Release|Any CPU
		{F1A16DD3-FECF-4BEF-BFF2-31C9AA1FA1F3}.Debug|Any CPU.ActiveCfg = Debug|Any CPU
		{F1A16DD3-FECF-4BEF-BFF2-31C9AA1FA1F3}.Debug|Any CPU.Build.0 = Debug|Any CPU
		{F1A16DD3-FECF-4BEF-BFF2-31C9AA1FA1F3}.Release|Any CPU.ActiveCfg = Release|Any CPU
		{F1A16DD3-FECF-4BEF-BFF2-31C9AA1FA1F3}.Release|Any CPU.Build.0 = Release|Any CPU
	EndGlobalSection
EndGlobal

